
Microsoft Visual Studio Solution File, Format Version 12.00
# Visual Studio 15
VisualStudioVersion = 15.0.28307.1401
MinimumVisualStudioVersion = 10.0.40219.1
Project("{FAE04EC0-301F-11D3-BF4B-00C04F79EFBC}") = "PersonalProjectMVC.UI", "PersonalProjectMVC.UI\PersonalProjectMVC.UI.csproj", "{43958B74-8C45-4C7D-8BD7-D7AF13ED96FC}"
EndProject
Global
	GlobalSection(SolutionConfigurationPlatforms) = preSolution
		Debug|Any CPU = Debug|Any CPU
		Release|Any CPU = Release|Any CPU
	EndGlobalSection
	GlobalSection(ProjectConfigurationPlatforms) = postSolution
		{43958B74-8C45-4C7D-8BD7-D7AF13ED96FC}.Debug|Any CPU.ActiveCfg = Debug|Any CPU
		{43958B74-8C45-4C7D-8BD7-D7AF13ED96FC}.Debug|Any CPU.Build.0 = Debug|Any CPU
		{43958B74-8C45-4C7D-8BD7-D7AF13ED96FC}.Release|Any CPU.ActiveCfg = Release|Any CPU
		{43958B74-8C45-4C7D-8BD7-D7AF13ED96FC}.Release|Any CPU.Build.0 = Release|Any CPU
	EndGlobalSection
	GlobalSection(SolutionProperties) = preSolution
		HideSolutionNode = FALSE
	EndGlobalSection
	GlobalSection(ExtensibilityGlobals) = postSolution
		SolutionGuid = {484DC5C8-E40D-45D6-8275-D6374B831172}
	EndGlobalSection
EndGlobal
